<?xml version="1.0" encoding="utf-8"?>
<Project ToolsVersion="18.0" xmlns="http://schemas.microsoft.com/developer/msbuild/2003">
  <ItemGroup>
    <ClCompile Include="C:\Users\zerwo\OneDrive\Desktop\ZH\zh-revival\GeneralsMD\Code\Libraries\Source\WWVegas\WW3D2\FramGrab.cpp">
      <Filter>Source Files</Filter>
    </ClCompile>
    <ClCompile Include="C:\Users\zerwo\OneDrive\Desktop\ZH\zh-revival\GeneralsMD\Code\Libraries\Source\WWVegas\WW3D2\aabtree.cpp">
      <Filter>Source Files</Filter>
    </ClCompile>
    <ClCompile Include="C:\Users\zerwo\OneDrive\Desktop\ZH\zh-revival\GeneralsMD\Code\Libraries\Source\WWVegas\WW3D2\aabtreebuilder.cpp">
      <Filter>Source Files</Filter>
    </ClCompile>
    <ClCompile Include="C:\Users\zerwo\OneDrive\Desktop\ZH\zh-revival\GeneralsMD\Code\Libraries\Source\WWVegas\WW3D2\agg_def.cpp">
      <Filter>Source Files</Filter>
    </ClCompile>
    <ClCompile Include="C:\Users\zerwo\OneDrive\Desktop\ZH\zh-revival\GeneralsMD\Code\Libraries\Source\WWVegas\WW3D2\animatedsoundmgr.cpp">
      <Filter>Source Files</Filter>
    </ClCompile>
    <ClCompile Include="C:\Users\zerwo\OneDrive\Desktop\ZH\zh-revival\GeneralsMD\Code\Libraries\Source\WWVegas\WW3D2\animobj.cpp">
      <Filter>Source Files</Filter>
    </ClCompile>
    <ClCompile Include="C:\Users\zerwo\OneDrive\Desktop\ZH\zh-revival\GeneralsMD\Code\Libraries\Source\WWVegas\WW3D2\assetmgr.cpp">
      <Filter>Source Files</Filter>
    </ClCompile>
    <ClCompile Include="C:\Users\zerwo\OneDrive\Desktop\ZH\zh-revival\GeneralsMD\Code\Libraries\Source\WWVegas\WW3D2\assetstatus.cpp">
      <Filter>Source Files</Filter>
    </ClCompile>
    <ClCompile Include="C:\Users\zerwo\OneDrive\Desktop\ZH\zh-revival\GeneralsMD\Code\Libraries\Source\WWVegas\WW3D2\bitmaphandler.cpp">
      <Filter>Source Files</Filter>
    </ClCompile>
    <ClCompile Include="C:\Users\zerwo\OneDrive\Desktop\ZH\zh-revival\GeneralsMD\Code\Libraries\Source\WWVegas\WW3D2\bmp2d.cpp">
      <Filter>Source Files</Filter>
    </ClCompile>
    <ClCompile Include="C:\Users\zerwo\OneDrive\Desktop\ZH\zh-revival\GeneralsMD\Code\Libraries\Source\WWVegas\WW3D2\boxrobj.cpp">
      <Filter>Source Files</Filter>
    </ClCompile>
    <ClCompile Include="C:\Users\zerwo\OneDrive\Desktop\ZH\zh-revival\GeneralsMD\Code\Libraries\Source\WWVegas\WW3D2\bw_render.cpp">
      <Filter>Source Files</Filter>
    </ClCompile>
    <ClCompile Include="C:\Users\zerwo\OneDrive\Desktop\ZH\zh-revival\GeneralsMD\Code\Libraries\Source\WWVegas\WW3D2\bwrender.cpp">
      <Filter>Source Files</Filter>
    </ClCompile>
    <ClCompile Include="C:\Users\zerwo\OneDrive\Desktop\ZH\zh-revival\GeneralsMD\Code\Libraries\Source\WWVegas\WW3D2\camera.cpp">
      <Filter>Source Files</Filter>
    </ClCompile>
    <ClCompile Include="C:\Users\zerwo\OneDrive\Desktop\ZH\zh-revival\GeneralsMD\Code\Libraries\Source\WWVegas\WW3D2\collect.cpp">
      <Filter>Source Files</Filter>
    </ClCompile>
    <ClCompile Include="C:\Users\zerwo\OneDrive\Desktop\ZH\zh-revival\GeneralsMD\Code\Libraries\Source\WWVegas\WW3D2\coltest.cpp">
      <Filter>Source Files</Filter>
    </ClCompile>
    <ClCompile Include="C:\Users\zerwo\OneDrive\Desktop\ZH\zh-revival\GeneralsMD\Code\Libraries\Source\WWVegas\WW3D2\composite.cpp">
      <Filter>Source Files</Filter>
    </ClCompile>
    <ClCompile Include="C:\Users\zerwo\OneDrive\Desktop\ZH\zh-revival\GeneralsMD\Code\Libraries\Source\WWVegas\WW3D2\dazzle.cpp">
      <Filter>Source Files</Filter>
    </ClCompile>
    <ClCompile Include="C:\Users\zerwo\OneDrive\Desktop\ZH\zh-revival\GeneralsMD\Code\Libraries\Source\WWVegas\WW3D2\ddsfile.cpp">
      <Filter>Source Files</Filter>
    </ClCompile>
    <ClCompile Include="C:\Users\zerwo\OneDrive\Desktop\ZH\zh-revival\GeneralsMD\Code\Libraries\Source\WWVegas\WW3D2\decalmsh.cpp">
      <Filter>Source Files</Filter>
    </ClCompile>
    <ClCompile Include="C:\Users\zerwo\OneDrive\Desktop\ZH\zh-revival\GeneralsMD\Code\Libraries\Source\WWVegas\WW3D2\decalsys.cpp">
      <Filter>Source Files</Filter>
    </ClCompile>
    <ClCompile Include="C:\Users\zerwo\OneDrive\Desktop\ZH\zh-revival\GeneralsMD\Code\Libraries\Source\WWVegas\WW3D2\distlod.cpp">
      <Filter>Source Files</Filter>
    </ClCompile>
    <ClCompile Include="C:\Users\zerwo\OneDrive\Desktop\ZH\zh-revival\GeneralsMD\Code\Libraries\Source\WWVegas\WW3D2\dx8caps.cpp">
      <Filter>Source Files</Filter>
    </ClCompile>
    <ClCompile Include="C:\Users\zerwo\OneDrive\Desktop\ZH\zh-revival\GeneralsMD\Code\Libraries\Source\WWVegas\WW3D2\dx8fvf.cpp">
      <Filter>Source Files</Filter>
    </ClCompile>
    <ClCompile Include="C:\Users\zerwo\OneDrive\Desktop\ZH\zh-revival\GeneralsMD\Code\Libraries\Source\WWVegas\WW3D2\dx8indexbuffer.cpp">
      <Filter>Source Files</Filter>
    </ClCompile>
    <ClCompile Include="C:\Users\zerwo\OneDrive\Desktop\ZH\zh-revival\GeneralsMD\Code\Libraries\Source\WWVegas\WW3D2\dx8polygonrenderer.cpp">
      <Filter>Source Files</Filter>
    </ClCompile>
    <ClCompile Include="C:\Users\zerwo\OneDrive\Desktop\ZH\zh-revival\GeneralsMD\Code\Libraries\Source\WWVegas\WW3D2\dx8renderer.cpp">
      <Filter>Source Files</Filter>
    </ClCompile>
    <ClCompile Include="C:\Users\zerwo\OneDrive\Desktop\ZH\zh-revival\GeneralsMD\Code\Libraries\Source\WWVegas\WW3D2\dx8rendererdebugger.cpp">
      <Filter>Source Files</Filter>
    </ClCompile>
    <ClCompile Include="C:\Users\zerwo\OneDrive\Desktop\ZH\zh-revival\GeneralsMD\Code\Libraries\Source\WWVegas\WW3D2\dx8texman.cpp">
      <Filter>Source Files</Filter>
    </ClCompile>
    <ClCompile Include="C:\Users\zerwo\OneDrive\Desktop\ZH\zh-revival\GeneralsMD\Code\Libraries\Source\WWVegas\WW3D2\dx8vertexbuffer.cpp">
      <Filter>Source Files</Filter>
    </ClCompile>
    <ClCompile Include="C:\Users\zerwo\OneDrive\Desktop\ZH\zh-revival\GeneralsMD\Code\Libraries\Source\WWVegas\WW3D2\dx8webbrowser.cpp">
      <Filter>Source Files</Filter>
    </ClCompile>
    <ClCompile Include="C:\Users\zerwo\OneDrive\Desktop\ZH\zh-revival\GeneralsMD\Code\Libraries\Source\WWVegas\WW3D2\dx8wrapper.cpp">
      <Filter>Source Files</Filter>
    </ClCompile>
    <ClCompile Include="C:\Users\zerwo\OneDrive\Desktop\ZH\zh-revival\GeneralsMD\Code\Libraries\Source\WWVegas\WW3D2\dynamesh.cpp">
      <Filter>Source Files</Filter>
    </ClCompile>
    <ClCompile Include="C:\Users\zerwo\OneDrive\Desktop\ZH\zh-revival\GeneralsMD\Code\Libraries\Source\WWVegas\WW3D2\font3d.cpp">
      <Filter>Source Files</Filter>
    </ClCompile>
    <ClCompile Include="C:\Users\zerwo\OneDrive\Desktop\ZH\zh-revival\GeneralsMD\Code\Libraries\Source\WWVegas\WW3D2\formconv.cpp">
      <Filter>Source Files</Filter>
    </ClCompile>
    <ClCompile Include="C:\Users\zerwo\OneDrive\Desktop\ZH\zh-revival\GeneralsMD\Code\Libraries\Source\WWVegas\WW3D2\hanim.cpp">
      <Filter>Source Files</Filter>
    </ClCompile>
    <ClCompile Include="C:\Users\zerwo\OneDrive\Desktop\ZH\zh-revival\GeneralsMD\Code\Libraries\Source\WWVegas\WW3D2\hanimmgr.cpp">
      <Filter>Source Files</Filter>
    </ClCompile>
    <ClCompile Include="C:\Users\zerwo\OneDrive\Desktop\ZH\zh-revival\GeneralsMD\Code\Libraries\Source\WWVegas\WW3D2\hcanim.cpp">
      <Filter>Source Files</Filter>
    </ClCompile>
    <ClCompile Include="C:\Users\zerwo\OneDrive\Desktop\ZH\zh-revival\GeneralsMD\Code\Libraries\Source\WWVegas\WW3D2\hlod.cpp">
      <Filter>Source Files</Filter>
    </ClCompile>
    <ClCompile Include="C:\Users\zerwo\OneDrive\Desktop\ZH\zh-revival\GeneralsMD\Code\Libraries\Source\WWVegas\WW3D2\hmdldef.cpp">
      <Filter>Source Files</Filter>
    </ClCompile>
    <ClCompile Include="C:\Users\zerwo\OneDrive\Desktop\ZH\zh-revival\GeneralsMD\Code\Libraries\Source\WWVegas\WW3D2\hmorphanim.cpp">
      <Filter>Source Files</Filter>
    </ClCompile>
    <ClCompile Include="C:\Users\zerwo\OneDrive\Desktop\ZH\zh-revival\GeneralsMD\Code\Libraries\Source\WWVegas\WW3D2\hrawanim.cpp">
      <Filter>Source Files</Filter>
    </ClCompile>
    <ClCompile Include="C:\Users\zerwo\OneDrive\Desktop\ZH\zh-revival\GeneralsMD\Code\Libraries\Source\WWVegas\WW3D2\htree.cpp">
      <Filter>Source Files</Filter>
    </ClCompile>
    <ClCompile Include="C:\Users\zerwo\OneDrive\Desktop\ZH\zh-revival\GeneralsMD\Code\Libraries\Source\WWVegas\WW3D2\htreemgr.cpp">
      <Filter>Source Files</Filter>
    </ClCompile>
    <ClCompile Include="C:\Users\zerwo\OneDrive\Desktop\ZH\zh-revival\GeneralsMD\Code\Libraries\Source\WWVegas\WW3D2\intersec.cpp">
      <Filter>Source Files</Filter>
    </ClCompile>
    <ClCompile Include="C:\Users\zerwo\OneDrive\Desktop\ZH\zh-revival\GeneralsMD\Code\Libraries\Source\WWVegas\WW3D2\layer.cpp">
      <Filter>Source Files</Filter>
    </ClCompile>
    <ClCompile Include="C:\Users\zerwo\OneDrive\Desktop\ZH\zh-revival\GeneralsMD\Code\Libraries\Source\WWVegas\WW3D2\light.cpp">
      <Filter>Source Files</Filter>
    </ClCompile>
    <ClCompile Include="C:\Users\zerwo\OneDrive\Desktop\ZH\zh-revival\GeneralsMD\Code\Libraries\Source\WWVegas\WW3D2\lightenvironment.cpp">
      <Filter>Source Files</Filter>
    </ClCompile>
    <ClCompile Include="C:\Users\zerwo\OneDrive\Desktop\ZH\zh-revival\GeneralsMD\Code\Libraries\Source\WWVegas\WW3D2\line3d.cpp">
      <Filter>Source Files</Filter>
    </ClCompile>
    <ClCompile Include="C:\Users\zerwo\OneDrive\Desktop\ZH\zh-revival\GeneralsMD\Code\Libraries\Source\WWVegas\WW3D2\linegrp.cpp">
      <Filter>Source Files</Filter>
    </ClCompile>
    <ClCompile Include="C:\Users\zerwo\OneDrive\Desktop\ZH\zh-revival\GeneralsMD\Code\Libraries\Source\WWVegas\WW3D2\mapper.cpp">
      <Filter>Source Files</Filter>
    </ClCompile>
    <ClCompile Include="C:\Users\zerwo\OneDrive\Desktop\ZH\zh-revival\GeneralsMD\Code\Libraries\Source\WWVegas\WW3D2\matinfo.cpp">
      <Filter>Source Files</Filter>
    </ClCompile>
    <ClCompile Include="C:\Users\zerwo\OneDrive\Desktop\ZH\zh-revival\GeneralsMD\Code\Libraries\Source\WWVegas\WW3D2\matpass.cpp">
      <Filter>Source Files</Filter>
    </ClCompile>
    <ClCompile Include="C:\Users\zerwo\OneDrive\Desktop\ZH\zh-revival\GeneralsMD\Code\Libraries\Source\WWVegas\WW3D2\matrixmapper.cpp">
      <Filter>Source Files</Filter>
    </ClCompile>
    <ClCompile Include="C:\Users\zerwo\OneDrive\Desktop\ZH\zh-revival\GeneralsMD\Code\Libraries\Source\WWVegas\WW3D2\mesh.cpp">
      <Filter>Source Files</Filter>
    </ClCompile>
    <ClCompile Include="C:\Users\zerwo\OneDrive\Desktop\ZH\zh-revival\GeneralsMD\Code\Libraries\Source\WWVegas\WW3D2\meshbuild.cpp">
      <Filter>Source Files</Filter>
    </ClCompile>
    <ClCompile Include="C:\Users\zerwo\OneDrive\Desktop\ZH\zh-revival\GeneralsMD\Code\Libraries\Source\WWVegas\WW3D2\meshdam.cpp">
      <Filter>Source Files</Filter>
    </ClCompile>
    <ClCompile Include="C:\Users\zerwo\OneDrive\Desktop\ZH\zh-revival\GeneralsMD\Code\Libraries\Source\WWVegas\WW3D2\meshgeometry.cpp">
      <Filter>Source Files</Filter>
    </ClCompile>
    <ClCompile Include="C:\Users\zerwo\OneDrive\Desktop\ZH\zh-revival\GeneralsMD\Code\Libraries\Source\WWVegas\WW3D2\meshmatdesc.cpp">
      <Filter>Source Files</Filter>
    </ClCompile>
    <ClCompile Include="C:\Users\zerwo\OneDrive\Desktop\ZH\zh-revival\GeneralsMD\Code\Libraries\Source\WWVegas\WW3D2\meshmdl.cpp">
      <Filter>Source Files</Filter>
    </ClCompile>
    <ClCompile Include="C:\Users\zerwo\OneDrive\Desktop\ZH\zh-revival\GeneralsMD\Code\Libraries\Source\WWVegas\WW3D2\meshmdlio.cpp">
      <Filter>Source Files</Filter>
    </ClCompile>
    <ClCompile Include="C:\Users\zerwo\OneDrive\Desktop\ZH\zh-revival\GeneralsMD\Code\Libraries\Source\WWVegas\WW3D2\metalmap.cpp">
      <Filter>Source Files</Filter>
    </ClCompile>
    <ClCompile Include="C:\Users\zerwo\OneDrive\Desktop\ZH\zh-revival\GeneralsMD\Code\Libraries\Source\WWVegas\WW3D2\missingtexture.cpp">
      <Filter>Source Files</Filter>
    </ClCompile>
    <ClCompile Include="C:\Users\zerwo\OneDrive\Desktop\ZH\zh-revival\GeneralsMD\Code\Libraries\Source\WWVegas\WW3D2\motchan.cpp">
      <Filter>Source Files</Filter>
    </ClCompile>
    <ClCompile Include="C:\Users\zerwo\OneDrive\Desktop\ZH\zh-revival\GeneralsMD\Code\Libraries\Source\WWVegas\WW3D2\nullrobj.cpp">
      <Filter>Source Files</Filter>
    </ClCompile>
    <ClCompile Include="C:\Users\zerwo\OneDrive\Desktop\ZH\zh-revival\GeneralsMD\Code\Libraries\Source\WWVegas\WW3D2\part_buf.cpp">
      <Filter>Source Files</Filter>
    </ClCompile>
    <ClCompile Include="C:\Users\zerwo\OneDrive\Desktop\ZH\zh-revival\GeneralsMD\Code\Libraries\Source\WWVegas\WW3D2\part_emt.cpp">
      <Filter>Source Files</Filter>
    </ClCompile>
    <ClCompile Include="C:\Users\zerwo\OneDrive\Desktop\ZH\zh-revival\GeneralsMD\Code\Libraries\Source\WWVegas\WW3D2\part_ldr.cpp">
      <Filter>Source Files</Filter>
    </ClCompile>
    <ClCompile Include="C:\Users\zerwo\OneDrive\Desktop\ZH\zh-revival\GeneralsMD\Code\Libraries\Source\WWVegas\WW3D2\pivot.cpp">
      <Filter>Source Files</Filter>
    </ClCompile>
    <ClCompile Include="C:\Users\zerwo\OneDrive\Desktop\ZH\zh-revival\GeneralsMD\Code\Libraries\Source\WWVegas\WW3D2\pointgr.cpp">
      <Filter>Source Files</Filter>
    </ClCompile>
    <ClCompile Include="C:\Users\zerwo\OneDrive\Desktop\ZH\zh-revival\GeneralsMD\Code\Libraries\Source\WWVegas\WW3D2\polyinfo.cpp">
      <Filter>Source Files</Filter>
    </ClCompile>
    <ClCompile Include="C:\Users\zerwo\OneDrive\Desktop\ZH\zh-revival\GeneralsMD\Code\Libraries\Source\WWVegas\WW3D2\pot.cpp">
      <Filter>Source Files</Filter>
    </ClCompile>
    <ClCompile Include="C:\Users\zerwo\OneDrive\Desktop\ZH\zh-revival\GeneralsMD\Code\Libraries\Source\WWVegas\WW3D2\predlod.cpp">
      <Filter>Source Files</Filter>
    </ClCompile>
    <ClCompile Include="C:\Users\zerwo\OneDrive\Desktop\ZH\zh-revival\GeneralsMD\Code\Libraries\Source\WWVegas\WW3D2\prim_anim.cpp">
      <Filter>Source Files</Filter>
    </ClCompile>
    <ClCompile Include="C:\Users\zerwo\OneDrive\Desktop\ZH\zh-revival\GeneralsMD\Code\Libraries\Source\WWVegas\WW3D2\projector.cpp">
      <Filter>Source Files</Filter>
    </ClCompile>
    <ClCompile Include="C:\Users\zerwo\OneDrive\Desktop\ZH\zh-revival\GeneralsMD\Code\Libraries\Source\WWVegas\WW3D2\proto.cpp">
      <Filter>Source Files</Filter>
    </ClCompile>
    <ClCompile Include="C:\Users\zerwo\OneDrive\Desktop\ZH\zh-revival\GeneralsMD\Code\Libraries\Source\WWVegas\WW3D2\render2d.cpp">
      <Filter>Source Files</Filter>
    </ClCompile>
    <ClCompile Include="C:\Users\zerwo\OneDrive\Desktop\ZH\zh-revival\GeneralsMD\Code\Libraries\Source\WWVegas\WW3D2\render2dsentence.cpp">
      <Filter>Source Files</Filter>
    </ClCompile>
    <ClCompile Include="C:\Users\zerwo\OneDrive\Desktop\ZH\zh-revival\GeneralsMD\Code\Libraries\Source\WWVegas\WW3D2\renderobjectrecycler.cpp">
      <Filter>Source Files</Filter>
    </ClCompile>
    <ClCompile Include="C:\Users\zerwo\OneDrive\Desktop\ZH\zh-revival\GeneralsMD\Code\Libraries\Source\WWVegas\WW3D2\rendobj.cpp">
      <Filter>Source Files</Filter>
    </ClCompile>
    <ClCompile Include="C:\Users\zerwo\OneDrive\Desktop\ZH\zh-revival\GeneralsMD\Code\Libraries\Source\WWVegas\WW3D2\rinfo.cpp">
      <Filter>Source Files</Filter>
    </ClCompile>
    <ClCompile Include="C:\Users\zerwo\OneDrive\Desktop\ZH\zh-revival\GeneralsMD\Code\Libraries\Source\WWVegas\WW3D2\ringobj.cpp">
      <Filter>Source Files</Filter>
    </ClCompile>
    <ClCompile Include="C:\Users\zerwo\OneDrive\Desktop\ZH\zh-revival\GeneralsMD\Code\Libraries\Source\WWVegas\WW3D2\scene.cpp">
      <Filter>Source Files</Filter>
    </ClCompile>
    <ClCompile Include="C:\Users\zerwo\OneDrive\Desktop\ZH\zh-revival\GeneralsMD\Code\Libraries\Source\WWVegas\WW3D2\segline.cpp">
      <Filter>Source Files</Filter>
    </ClCompile>
    <ClCompile Include="C:\Users\zerwo\OneDrive\Desktop\ZH\zh-revival\GeneralsMD\Code\Libraries\Source\WWVegas\WW3D2\seglinerenderer.cpp">
      <Filter>Source Files</Filter>
    </ClCompile>
    <ClCompile Include="C:\Users\zerwo\OneDrive\Desktop\ZH\zh-revival\GeneralsMD\Code\Libraries\Source\WWVegas\WW3D2\shader.cpp">
      <Filter>Source Files</Filter>
    </ClCompile>
    <ClCompile Include="C:\Users\zerwo\OneDrive\Desktop\ZH\zh-revival\GeneralsMD\Code\Libraries\Source\WWVegas\WW3D2\shattersystem.cpp">
      <Filter>Source Files</Filter>
    </ClCompile>
    <ClCompile Include="C:\Users\zerwo\OneDrive\Desktop\ZH\zh-revival\GeneralsMD\Code\Libraries\Source\WWVegas\WW3D2\snappts.cpp">
      <Filter>Source Files</Filter>
    </ClCompile>
    <ClCompile Include="C:\Users\zerwo\OneDrive\Desktop\ZH\zh-revival\GeneralsMD\Code\Libraries\Source\WWVegas\WW3D2\sortingrenderer.cpp">
      <Filter>Source Files</Filter>
    </ClCompile>
    <ClCompile Include="C:\Users\zerwo\OneDrive\Desktop\ZH\zh-revival\GeneralsMD\Code\Libraries\Source\WWVegas\WW3D2\soundrobj.cpp">
      <Filter>Source Files</Filter>
    </ClCompile>
    <ClCompile Include="C:\Users\zerwo\OneDrive\Desktop\ZH\zh-revival\GeneralsMD\Code\Libraries\Source\WWVegas\WW3D2\sphereobj.cpp">
      <Filter>Source Files</Filter>
    </ClCompile>
    <ClCompile Include="C:\Users\zerwo\OneDrive\Desktop\ZH\zh-revival\GeneralsMD\Code\Libraries\Source\WWVegas\WW3D2\sr_util.cpp">
      <Filter>Source Files</Filter>
    </ClCompile>
    <ClCompile Include="C:\Users\zerwo\OneDrive\Desktop\ZH\zh-revival\GeneralsMD\Code\Libraries\Source\WWVegas\WW3D2\static_sort_list.cpp">
      <Filter>Source Files</Filter>
    </ClCompile>
    <ClCompile Include="C:\Users\zerwo\OneDrive\Desktop\ZH\zh-revival\GeneralsMD\Code\Libraries\Source\WWVegas\WW3D2\statistics.cpp">
      <Filter>Source Files</Filter>
    </ClCompile>
    <ClCompile Include="C:\Users\zerwo\OneDrive\Desktop\ZH\zh-revival\GeneralsMD\Code\Libraries\Source\WWVegas\WW3D2\streak.cpp">
      <Filter>Source Files</Filter>
    </ClCompile>
    <ClCompile Include="C:\Users\zerwo\OneDrive\Desktop\ZH\zh-revival\GeneralsMD\Code\Libraries\Source\WWVegas\WW3D2\streakRender.cpp">
      <Filter>Source Files</Filter>
    </ClCompile>
    <ClCompile Include="C:\Users\zerwo\OneDrive\Desktop\ZH\zh-revival\GeneralsMD\Code\Libraries\Source\WWVegas\WW3D2\stripoptimizer.cpp">
      <Filter>Source Files</Filter>
    </ClCompile>
    <ClCompile Include="C:\Users\zerwo\OneDrive\Desktop\ZH\zh-revival\GeneralsMD\Code\Libraries\Source\WWVegas\WW3D2\surfaceclass.cpp">
      <Filter>Source Files</Filter>
    </ClCompile>
    <ClCompile Include="C:\Users\zerwo\OneDrive\Desktop\ZH\zh-revival\GeneralsMD\Code\Libraries\Source\WWVegas\WW3D2\texfcach.cpp">
      <Filter>Source Files</Filter>
    </ClCompile>
    <ClCompile Include="C:\Users\zerwo\OneDrive\Desktop\ZH\zh-revival\GeneralsMD\Code\Libraries\Source\WWVegas\WW3D2\texproject.cpp">
      <Filter>Source Files</Filter>
    </ClCompile>
    <ClCompile Include="C:\Users\zerwo\OneDrive\Desktop\ZH\zh-revival\GeneralsMD\Code\Libraries\Source\WWVegas\WW3D2\textdraw.cpp">
      <Filter>Source Files</Filter>
    </ClCompile>
    <ClCompile Include="C:\Users\zerwo\OneDrive\Desktop\ZH\zh-revival\GeneralsMD\Code\Libraries\Source\WWVegas\WW3D2\texture.cpp">
      <Filter>Source Files</Filter>
    </ClCompile>
    <ClCompile Include="C:\Users\zerwo\OneDrive\Desktop\ZH\zh-revival\GeneralsMD\Code\Libraries\Source\WWVegas\WW3D2\texturefile.cpp">
      <Filter>Source Files</Filter>
    </ClCompile>
    <ClCompile Include="C:\Users\zerwo\OneDrive\Desktop\ZH\zh-revival\GeneralsMD\Code\Libraries\Source\WWVegas\WW3D2\texturefilter.cpp">
      <Filter>Source Files</Filter>
    </ClCompile>
    <ClCompile Include="C:\Users\zerwo\OneDrive\Desktop\ZH\zh-revival\GeneralsMD\Code\Libraries\Source\WWVegas\WW3D2\textureloader.cpp">
      <Filter>Source Files</Filter>
    </ClCompile>
    <ClCompile Include="C:\Users\zerwo\OneDrive\Desktop\ZH\zh-revival\GeneralsMD\Code\Libraries\Source\WWVegas\WW3D2\texturethumbnail.cpp">
      <Filter>Source Files</Filter>
    </ClCompile>
    <ClCompile Include="C:\Users\zerwo\OneDrive\Desktop\ZH\zh-revival\GeneralsMD\Code\Libraries\Source\WWVegas\WW3D2\txt.cpp">
      <Filter>Source Files</Filter>
    </ClCompile>
    <ClCompile Include="C:\Users\zerwo\OneDrive\Desktop\ZH\zh-revival\GeneralsMD\Code\Libraries\Source\WWVegas\WW3D2\txt2d.cpp">
      <Filter>Source Files</Filter>
    </ClCompile>
    <ClCompile Include="C:\Users\zerwo\OneDrive\Desktop\ZH\zh-revival\GeneralsMD\Code\Libraries\Source\WWVegas\WW3D2\vertmaterial.cpp">
      <Filter>Source Files</Filter>
    </ClCompile>
    <ClCompile Include="C:\Users\zerwo\OneDrive\Desktop\ZH\zh-revival\GeneralsMD\Code\Libraries\Source\WWVegas\WW3D2\visrasterizer.cpp">
      <Filter>Source Files</Filter>
    </ClCompile>
    <ClCompile Include="C:\Users\zerwo\OneDrive\Desktop\ZH\zh-revival\GeneralsMD\Code\Libraries\Source\WWVegas\WW3D2\w3d_dep.cpp">
      <Filter>Source Files</Filter>
    </ClCompile>
    <ClCompile Include="C:\Users\zerwo\OneDrive\Desktop\ZH\zh-revival\GeneralsMD\Code\Libraries\Source\WWVegas\WW3D2\w3d_util.cpp">
      <Filter>Source Files</Filter>
    </ClCompile>
    <ClCompile Include="C:\Users\zerwo\OneDrive\Desktop\ZH\zh-revival\GeneralsMD\Code\Libraries\Source\WWVegas\WW3D2\w3dexclusionlist.cpp">
      <Filter>Source Files</Filter>
    </ClCompile>
    <ClCompile Include="C:\Users\zerwo\OneDrive\Desktop\ZH\zh-revival\GeneralsMD\Code\Libraries\Source\WWVegas\WW3D2\ww3d.cpp">
      <Filter>Source Files</Filter>
    </ClCompile>
    <ClCompile Include="C:\Users\zerwo\OneDrive\Desktop\ZH\zh-revival\GeneralsMD\Code\Libraries\Source\WWVegas\WW3D2\ww3dformat.cpp">
      <Filter>Source Files</Filter>
    </ClCompile>
  </ItemGroup>
  <ItemGroup>
    <CustomBuild Include="C:\Users\zerwo\OneDrive\Desktop\ZH\zh-revival\CMakeLists.txt" />
  </ItemGroup>
  <ItemGroup>
    <Filter Include="Source Files">
      <UniqueIdentifier>{A5D7065D-9142-32EE-B47F-40C016C197FC}</UniqueIdentifier>
    </Filter>
  </ItemGroup>
</Project>
