<?xml version="1.0" encoding="utf-8"?>
<Project ToolsVersion="18.0" xmlns="http://schemas.microsoft.com/developer/msbuild/2003">
  <ItemGroup>
    <ClCompile Include="C:\Users\zerwo\OneDrive\Desktop\ZH\zh-revival\GeneralsMD\Code\Libraries\Source\WWVegas\WWLib\Except.cpp">
      <Filter>Source Files</Filter>
    </ClCompile>
    <ClCompile Include="C:\Users\zerwo\OneDrive\Desktop\ZH\zh-revival\GeneralsMD\Code\Libraries\Source\WWVegas\WWLib\FastAllocator.cpp">
      <Filter>Source Files</Filter>
    </ClCompile>
    <ClCompile Include="C:\Users\zerwo\OneDrive\Desktop\ZH\zh-revival\GeneralsMD\Code\Libraries\Source\WWVegas\WWLib\LaunchWeb.cpp">
      <Filter>Source Files</Filter>
    </ClCompile>
    <ClCompile Include="C:\Users\zerwo\OneDrive\Desktop\ZH\zh-revival\GeneralsMD\Code\Libraries\Source\WWVegas\WWLib\TARGA.CPP" />
    <ClCompile Include="C:\Users\zerwo\OneDrive\Desktop\ZH\zh-revival\GeneralsMD\Code\Libraries\Source\WWVegas\WWLib\WWCOMUtil.cpp">
      <Filter>Source Files</Filter>
    </ClCompile>
    <ClCompile Include="C:\Users\zerwo\OneDrive\Desktop\ZH\zh-revival\GeneralsMD\Code\Libraries\Source\WWVegas\WWLib\_convert.cpp">
      <Filter>Source Files</Filter>
    </ClCompile>
    <ClCompile Include="C:\Users\zerwo\OneDrive\Desktop\ZH\zh-revival\GeneralsMD\Code\Libraries\Source\WWVegas\WWLib\_mono.cpp">
      <Filter>Source Files</Filter>
    </ClCompile>
    <ClCompile Include="C:\Users\zerwo\OneDrive\Desktop\ZH\zh-revival\GeneralsMD\Code\Libraries\Source\WWVegas\WWLib\_timer.cpp">
      <Filter>Source Files</Filter>
    </ClCompile>
    <ClCompile Include="C:\Users\zerwo\OneDrive\Desktop\ZH\zh-revival\GeneralsMD\Code\Libraries\Source\WWVegas\WWLib\argv.cpp">
      <Filter>Source Files</Filter>
    </ClCompile>
    <ClCompile Include="C:\Users\zerwo\OneDrive\Desktop\ZH\zh-revival\GeneralsMD\Code\Libraries\Source\WWVegas\WWLib\b64pipe.cpp">
      <Filter>Source Files</Filter>
    </ClCompile>
    <ClCompile Include="C:\Users\zerwo\OneDrive\Desktop\ZH\zh-revival\GeneralsMD\Code\Libraries\Source\WWVegas\WWLib\b64straw.cpp">
      <Filter>Source Files</Filter>
    </ClCompile>
    <ClCompile Include="C:\Users\zerwo\OneDrive\Desktop\ZH\zh-revival\GeneralsMD\Code\Libraries\Source\WWVegas\WWLib\base64.cpp">
      <Filter>Source Files</Filter>
    </ClCompile>
    <ClCompile Include="C:\Users\zerwo\OneDrive\Desktop\ZH\zh-revival\GeneralsMD\Code\Libraries\Source\WWVegas\WWLib\bfiofile.cpp">
      <Filter>Source Files</Filter>
    </ClCompile>
    <ClCompile Include="C:\Users\zerwo\OneDrive\Desktop\ZH\zh-revival\GeneralsMD\Code\Libraries\Source\WWVegas\WWLib\blit.cpp">
      <Filter>Source Files</Filter>
    </ClCompile>
    <ClCompile Include="C:\Users\zerwo\OneDrive\Desktop\ZH\zh-revival\GeneralsMD\Code\Libraries\Source\WWVegas\WWLib\blowfish.cpp">
      <Filter>Source Files</Filter>
    </ClCompile>
    <ClCompile Include="C:\Users\zerwo\OneDrive\Desktop\ZH\zh-revival\GeneralsMD\Code\Libraries\Source\WWVegas\WWLib\blowpipe.cpp">
      <Filter>Source Files</Filter>
    </ClCompile>
    <ClCompile Include="C:\Users\zerwo\OneDrive\Desktop\ZH\zh-revival\GeneralsMD\Code\Libraries\Source\WWVegas\WWLib\blwstraw.cpp">
      <Filter>Source Files</Filter>
    </ClCompile>
    <ClCompile Include="C:\Users\zerwo\OneDrive\Desktop\ZH\zh-revival\GeneralsMD\Code\Libraries\Source\WWVegas\WWLib\buff.cpp">
      <Filter>Source Files</Filter>
    </ClCompile>
    <ClCompile Include="C:\Users\zerwo\OneDrive\Desktop\ZH\zh-revival\GeneralsMD\Code\Libraries\Source\WWVegas\WWLib\bufffile.cpp">
      <Filter>Source Files</Filter>
    </ClCompile>
    <ClCompile Include="C:\Users\zerwo\OneDrive\Desktop\ZH\zh-revival\GeneralsMD\Code\Libraries\Source\WWVegas\WWLib\chunkio.cpp">
      <Filter>Source Files</Filter>
    </ClCompile>
    <ClCompile Include="C:\Users\zerwo\OneDrive\Desktop\ZH\zh-revival\GeneralsMD\Code\Libraries\Source\WWVegas\WWLib\convert.cpp">
      <Filter>Source Files</Filter>
    </ClCompile>
    <ClCompile Include="C:\Users\zerwo\OneDrive\Desktop\ZH\zh-revival\GeneralsMD\Code\Libraries\Source\WWVegas\WWLib\cpudetect.cpp">
      <Filter>Source Files</Filter>
    </ClCompile>
    <ClCompile Include="C:\Users\zerwo\OneDrive\Desktop\ZH\zh-revival\GeneralsMD\Code\Libraries\Source\WWVegas\WWLib\crc.cpp">
      <Filter>Source Files</Filter>
    </ClCompile>
    <ClCompile Include="C:\Users\zerwo\OneDrive\Desktop\ZH\zh-revival\GeneralsMD\Code\Libraries\Source\WWVegas\WWLib\crcpipe.cpp">
      <Filter>Source Files</Filter>
    </ClCompile>
    <ClCompile Include="C:\Users\zerwo\OneDrive\Desktop\ZH\zh-revival\GeneralsMD\Code\Libraries\Source\WWVegas\WWLib\crcstraw.cpp">
      <Filter>Source Files</Filter>
    </ClCompile>
    <ClCompile Include="C:\Users\zerwo\OneDrive\Desktop\ZH\zh-revival\GeneralsMD\Code\Libraries\Source\WWVegas\WWLib\critsection.cpp">
      <Filter>Source Files</Filter>
    </ClCompile>
    <ClCompile Include="C:\Users\zerwo\OneDrive\Desktop\ZH\zh-revival\GeneralsMD\Code\Libraries\Source\WWVegas\WWLib\cstraw.cpp">
      <Filter>Source Files</Filter>
    </ClCompile>
    <ClCompile Include="C:\Users\zerwo\OneDrive\Desktop\ZH\zh-revival\GeneralsMD\Code\Libraries\Source\WWVegas\WWLib\data.cpp">
      <Filter>Source Files</Filter>
    </ClCompile>
    <ClCompile Include="C:\Users\zerwo\OneDrive\Desktop\ZH\zh-revival\GeneralsMD\Code\Libraries\Source\WWVegas\WWLib\ddraw.cpp">
      <Filter>Source Files</Filter>
    </ClCompile>
    <ClCompile Include="C:\Users\zerwo\OneDrive\Desktop\ZH\zh-revival\GeneralsMD\Code\Libraries\Source\WWVegas\WWLib\dib.cpp">
      <Filter>Source Files</Filter>
    </ClCompile>
    <ClCompile Include="C:\Users\zerwo\OneDrive\Desktop\ZH\zh-revival\GeneralsMD\Code\Libraries\Source\WWVegas\WWLib\draw.cpp">
      <Filter>Source Files</Filter>
    </ClCompile>
    <ClCompile Include="C:\Users\zerwo\OneDrive\Desktop\ZH\zh-revival\GeneralsMD\Code\Libraries\Source\WWVegas\WWLib\dsurface.cpp">
      <Filter>Source Files</Filter>
    </ClCompile>
    <ClCompile Include="C:\Users\zerwo\OneDrive\Desktop\ZH\zh-revival\GeneralsMD\Code\Libraries\Source\WWVegas\WWLib\ffactory.cpp">
      <Filter>Source Files</Filter>
    </ClCompile>
    <ClCompile Include="C:\Users\zerwo\OneDrive\Desktop\ZH\zh-revival\GeneralsMD\Code\Libraries\Source\WWVegas\WWLib\fixed.cpp">
      <Filter>Source Files</Filter>
    </ClCompile>
    <ClCompile Include="C:\Users\zerwo\OneDrive\Desktop\ZH\zh-revival\GeneralsMD\Code\Libraries\Source\WWVegas\WWLib\gcd_lcm.cpp">
      <Filter>Source Files</Filter>
    </ClCompile>
    <ClCompile Include="C:\Users\zerwo\OneDrive\Desktop\ZH\zh-revival\GeneralsMD\Code\Libraries\Source\WWVegas\WWLib\hash.cpp">
      <Filter>Source Files</Filter>
    </ClCompile>
    <ClCompile Include="C:\Users\zerwo\OneDrive\Desktop\ZH\zh-revival\GeneralsMD\Code\Libraries\Source\WWVegas\WWLib\hsv.cpp">
      <Filter>Source Files</Filter>
    </ClCompile>
    <ClCompile Include="C:\Users\zerwo\OneDrive\Desktop\ZH\zh-revival\GeneralsMD\Code\Libraries\Source\WWVegas\WWLib\ini.cpp">
      <Filter>Source Files</Filter>
    </ClCompile>
    <ClCompile Include="C:\Users\zerwo\OneDrive\Desktop\ZH\zh-revival\GeneralsMD\Code\Libraries\Source\WWVegas\WWLib\int.cpp">
      <Filter>Source Files</Filter>
    </ClCompile>
    <ClCompile Include="C:\Users\zerwo\OneDrive\Desktop\ZH\zh-revival\GeneralsMD\Code\Libraries\Source\WWVegas\WWLib\jshell.cpp">
      <Filter>Source Files</Filter>
    </ClCompile>
    <ClCompile Include="C:\Users\zerwo\OneDrive\Desktop\ZH\zh-revival\GeneralsMD\Code\Libraries\Source\WWVegas\WWLib\keyboard.cpp">
      <Filter>Source Files</Filter>
    </ClCompile>
    <ClCompile Include="C:\Users\zerwo\OneDrive\Desktop\ZH\zh-revival\GeneralsMD\Code\Libraries\Source\WWVegas\WWLib\lcw.cpp">
      <Filter>Source Files</Filter>
    </ClCompile>
    <ClCompile Include="C:\Users\zerwo\OneDrive\Desktop\ZH\zh-revival\GeneralsMD\Code\Libraries\Source\WWVegas\WWLib\lcwpipe.cpp">
      <Filter>Source Files</Filter>
    </ClCompile>
    <ClCompile Include="C:\Users\zerwo\OneDrive\Desktop\ZH\zh-revival\GeneralsMD\Code\Libraries\Source\WWVegas\WWLib\load.cpp">
      <Filter>Source Files</Filter>
    </ClCompile>
    <ClCompile Include="C:\Users\zerwo\OneDrive\Desktop\ZH\zh-revival\GeneralsMD\Code\Libraries\Source\WWVegas\WWLib\lzo.cpp">
      <Filter>Source Files</Filter>
    </ClCompile>
    <ClCompile Include="C:\Users\zerwo\OneDrive\Desktop\ZH\zh-revival\GeneralsMD\Code\Libraries\Source\WWVegas\WWLib\lzo1x_c.cpp">
      <Filter>Source Files</Filter>
    </ClCompile>
    <ClCompile Include="C:\Users\zerwo\OneDrive\Desktop\ZH\zh-revival\GeneralsMD\Code\Libraries\Source\WWVegas\WWLib\lzo1x_d.cpp">
      <Filter>Source Files</Filter>
    </ClCompile>
    <ClCompile Include="C:\Users\zerwo\OneDrive\Desktop\ZH\zh-revival\GeneralsMD\Code\Libraries\Source\WWVegas\WWLib\lzopipe.cpp">
      <Filter>Source Files</Filter>
    </ClCompile>
    <ClCompile Include="C:\Users\zerwo\OneDrive\Desktop\ZH\zh-revival\GeneralsMD\Code\Libraries\Source\WWVegas\WWLib\lzostraw.cpp">
      <Filter>Source Files</Filter>
    </ClCompile>
    <ClCompile Include="C:\Users\zerwo\OneDrive\Desktop\ZH\zh-revival\GeneralsMD\Code\Libraries\Source\WWVegas\WWLib\md5.cpp">
      <Filter>Source Files</Filter>
    </ClCompile>
    <ClCompile Include="C:\Users\zerwo\OneDrive\Desktop\ZH\zh-revival\GeneralsMD\Code\Libraries\Source\WWVegas\WWLib\mixfile.cpp">
      <Filter>Source Files</Filter>
    </ClCompile>
    <ClCompile Include="C:\Users\zerwo\OneDrive\Desktop\ZH\zh-revival\GeneralsMD\Code\Libraries\Source\WWVegas\WWLib\mono.cpp">
      <Filter>Source Files</Filter>
    </ClCompile>
    <ClCompile Include="C:\Users\zerwo\OneDrive\Desktop\ZH\zh-revival\GeneralsMD\Code\Libraries\Source\WWVegas\WWLib\mpmath.cpp">
      <Filter>Source Files</Filter>
    </ClCompile>
    <ClCompile Include="C:\Users\zerwo\OneDrive\Desktop\ZH\zh-revival\GeneralsMD\Code\Libraries\Source\WWVegas\WWLib\mpu.cpp">
      <Filter>Source Files</Filter>
    </ClCompile>
    <ClCompile Include="C:\Users\zerwo\OneDrive\Desktop\ZH\zh-revival\GeneralsMD\Code\Libraries\Source\WWVegas\WWLib\msgloop.cpp">
      <Filter>Source Files</Filter>
    </ClCompile>
    <ClCompile Include="C:\Users\zerwo\OneDrive\Desktop\ZH\zh-revival\GeneralsMD\Code\Libraries\Source\WWVegas\WWLib\multilist.cpp">
      <Filter>Source Files</Filter>
    </ClCompile>
    <ClCompile Include="C:\Users\zerwo\OneDrive\Desktop\ZH\zh-revival\GeneralsMD\Code\Libraries\Source\WWVegas\WWLib\mutex.cpp">
      <Filter>Source Files</Filter>
    </ClCompile>
    <ClCompile Include="C:\Users\zerwo\OneDrive\Desktop\ZH\zh-revival\GeneralsMD\Code\Libraries\Source\WWVegas\WWLib\nstrdup.cpp">
      <Filter>Source Files</Filter>
    </ClCompile>
    <ClCompile Include="C:\Users\zerwo\OneDrive\Desktop\ZH\zh-revival\GeneralsMD\Code\Libraries\Source\WWVegas\WWLib\obscure.cpp">
      <Filter>Source Files</Filter>
    </ClCompile>
    <ClCompile Include="C:\Users\zerwo\OneDrive\Desktop\ZH\zh-revival\GeneralsMD\Code\Libraries\Source\WWVegas\WWLib\palette.cpp">
      <Filter>Source Files</Filter>
    </ClCompile>
    <ClCompile Include="C:\Users\zerwo\OneDrive\Desktop\ZH\zh-revival\GeneralsMD\Code\Libraries\Source\WWVegas\WWLib\pcx.cpp">
      <Filter>Source Files</Filter>
    </ClCompile>
    <ClCompile Include="C:\Users\zerwo\OneDrive\Desktop\ZH\zh-revival\GeneralsMD\Code\Libraries\Source\WWVegas\WWLib\pipe.cpp">
      <Filter>Source Files</Filter>
    </ClCompile>
    <ClCompile Include="C:\Users\zerwo\OneDrive\Desktop\ZH\zh-revival\GeneralsMD\Code\Libraries\Source\WWVegas\WWLib\pk.cpp">
      <Filter>Source Files</Filter>
    </ClCompile>
    <ClCompile Include="C:\Users\zerwo\OneDrive\Desktop\ZH\zh-revival\GeneralsMD\Code\Libraries\Source\WWVegas\WWLib\pkpipe.cpp">
      <Filter>Source Files</Filter>
    </ClCompile>
    <ClCompile Include="C:\Users\zerwo\OneDrive\Desktop\ZH\zh-revival\GeneralsMD\Code\Libraries\Source\WWVegas\WWLib\pkstraw.cpp">
      <Filter>Source Files</Filter>
    </ClCompile>
    <ClCompile Include="C:\Users\zerwo\OneDrive\Desktop\ZH\zh-revival\GeneralsMD\Code\Libraries\Source\WWVegas\WWLib\point.cpp">
      <Filter>Source Files</Filter>
    </ClCompile>
    <ClCompile Include="C:\Users\zerwo\OneDrive\Desktop\ZH\zh-revival\GeneralsMD\Code\Libraries\Source\WWVegas\WWLib\ramfile.cpp">
      <Filter>Source Files</Filter>
    </ClCompile>
    <ClCompile Include="C:\Users\zerwo\OneDrive\Desktop\ZH\zh-revival\GeneralsMD\Code\Libraries\Source\WWVegas\WWLib\random.cpp">
      <Filter>Source Files</Filter>
    </ClCompile>
    <ClCompile Include="C:\Users\zerwo\OneDrive\Desktop\ZH\zh-revival\GeneralsMD\Code\Libraries\Source\WWVegas\WWLib\rawfile.cpp">
      <Filter>Source Files</Filter>
    </ClCompile>
    <ClCompile Include="C:\Users\zerwo\OneDrive\Desktop\ZH\zh-revival\GeneralsMD\Code\Libraries\Source\WWVegas\WWLib\rc4.cpp">
      <Filter>Source Files</Filter>
    </ClCompile>
    <ClCompile Include="C:\Users\zerwo\OneDrive\Desktop\ZH\zh-revival\GeneralsMD\Code\Libraries\Source\WWVegas\WWLib\rcfile.cpp">
      <Filter>Source Files</Filter>
    </ClCompile>
    <ClCompile Include="C:\Users\zerwo\OneDrive\Desktop\ZH\zh-revival\GeneralsMD\Code\Libraries\Source\WWVegas\WWLib\readline.cpp">
      <Filter>Source Files</Filter>
    </ClCompile>
    <ClCompile Include="C:\Users\zerwo\OneDrive\Desktop\ZH\zh-revival\GeneralsMD\Code\Libraries\Source\WWVegas\WWLib\realcrc.cpp">
      <Filter>Source Files</Filter>
    </ClCompile>
    <ClCompile Include="C:\Users\zerwo\OneDrive\Desktop\ZH\zh-revival\GeneralsMD\Code\Libraries\Source\WWVegas\WWLib\refcount.cpp">
      <Filter>Source Files</Filter>
    </ClCompile>
    <ClCompile Include="C:\Users\zerwo\OneDrive\Desktop\ZH\zh-revival\GeneralsMD\Code\Libraries\Source\WWVegas\WWLib\regexpr.cpp">
      <Filter>Source Files</Filter>
    </ClCompile>
    <ClCompile Include="C:\Users\zerwo\OneDrive\Desktop\ZH\zh-revival\GeneralsMD\Code\Libraries\Source\WWVegas\WWLib\registry.cpp">
      <Filter>Source Files</Filter>
    </ClCompile>
    <ClCompile Include="C:\Users\zerwo\OneDrive\Desktop\ZH\zh-revival\GeneralsMD\Code\Libraries\Source\WWVegas\WWLib\rgb.cpp">
      <Filter>Source Files</Filter>
    </ClCompile>
    <ClCompile Include="C:\Users\zerwo\OneDrive\Desktop\ZH\zh-revival\GeneralsMD\Code\Libraries\Source\WWVegas\WWLib\rle.cpp">
      <Filter>Source Files</Filter>
    </ClCompile>
    <ClCompile Include="C:\Users\zerwo\OneDrive\Desktop\ZH\zh-revival\GeneralsMD\Code\Libraries\Source\WWVegas\WWLib\rndstraw.cpp">
      <Filter>Source Files</Filter>
    </ClCompile>
    <ClCompile Include="C:\Users\zerwo\OneDrive\Desktop\ZH\zh-revival\GeneralsMD\Code\Libraries\Source\WWVegas\WWLib\rndstrng.cpp">
      <Filter>Source Files</Filter>
    </ClCompile>
    <ClCompile Include="C:\Users\zerwo\OneDrive\Desktop\ZH\zh-revival\GeneralsMD\Code\Libraries\Source\WWVegas\WWLib\sampler.cpp">
      <Filter>Source Files</Filter>
    </ClCompile>
    <ClCompile Include="C:\Users\zerwo\OneDrive\Desktop\ZH\zh-revival\GeneralsMD\Code\Libraries\Source\WWVegas\WWLib\sha.cpp">
      <Filter>Source Files</Filter>
    </ClCompile>
    <ClCompile Include="C:\Users\zerwo\OneDrive\Desktop\ZH\zh-revival\GeneralsMD\Code\Libraries\Source\WWVegas\WWLib\shapipe.cpp">
      <Filter>Source Files</Filter>
    </ClCompile>
    <ClCompile Include="C:\Users\zerwo\OneDrive\Desktop\ZH\zh-revival\GeneralsMD\Code\Libraries\Source\WWVegas\WWLib\shastraw.cpp">
      <Filter>Source Files</Filter>
    </ClCompile>
    <ClCompile Include="C:\Users\zerwo\OneDrive\Desktop\ZH\zh-revival\GeneralsMD\Code\Libraries\Source\WWVegas\WWLib\slnode.cpp">
      <Filter>Source Files</Filter>
    </ClCompile>
    <ClCompile Include="C:\Users\zerwo\OneDrive\Desktop\ZH\zh-revival\GeneralsMD\Code\Libraries\Source\WWVegas\WWLib\srandom.cpp">
      <Filter>Source Files</Filter>
    </ClCompile>
    <ClCompile Include="C:\Users\zerwo\OneDrive\Desktop\ZH\zh-revival\GeneralsMD\Code\Libraries\Source\WWVegas\WWLib\stimer.cpp">
      <Filter>Source Files</Filter>
    </ClCompile>
    <ClCompile Include="C:\Users\zerwo\OneDrive\Desktop\ZH\zh-revival\GeneralsMD\Code\Libraries\Source\WWVegas\WWLib\straw.cpp">
      <Filter>Source Files</Filter>
    </ClCompile>
    <ClCompile Include="C:\Users\zerwo\OneDrive\Desktop\ZH\zh-revival\GeneralsMD\Code\Libraries\Source\WWVegas\WWLib\strtok_r.cpp">
      <Filter>Source Files</Filter>
    </ClCompile>
    <ClCompile Include="C:\Users\zerwo\OneDrive\Desktop\ZH\zh-revival\GeneralsMD\Code\Libraries\Source\WWVegas\WWLib\surface.cpp">
      <Filter>Source Files</Filter>
    </ClCompile>
    <ClCompile Include="C:\Users\zerwo\OneDrive\Desktop\ZH\zh-revival\GeneralsMD\Code\Libraries\Source\WWVegas\WWLib\systimer.cpp">
      <Filter>Source Files</Filter>
    </ClCompile>
    <ClCompile Include="C:\Users\zerwo\OneDrive\Desktop\ZH\zh-revival\GeneralsMD\Code\Libraries\Source\WWVegas\WWLib\tagblock.cpp">
      <Filter>Source Files</Filter>
    </ClCompile>
    <ClCompile Include="C:\Users\zerwo\OneDrive\Desktop\ZH\zh-revival\GeneralsMD\Code\Libraries\Source\WWVegas\WWLib\textfile.cpp">
      <Filter>Source Files</Filter>
    </ClCompile>
    <ClCompile Include="C:\Users\zerwo\OneDrive\Desktop\ZH\zh-revival\GeneralsMD\Code\Libraries\Source\WWVegas\WWLib\tgatodxt.cpp">
      <Filter>Source Files</Filter>
    </ClCompile>
    <ClCompile Include="C:\Users\zerwo\OneDrive\Desktop\ZH\zh-revival\GeneralsMD\Code\Libraries\Source\WWVegas\WWLib\thread.cpp">
      <Filter>Source Files</Filter>
    </ClCompile>
    <ClCompile Include="C:\Users\zerwo\OneDrive\Desktop\ZH\zh-revival\GeneralsMD\Code\Libraries\Source\WWVegas\WWLib\trim.cpp">
      <Filter>Source Files</Filter>
    </ClCompile>
    <ClCompile Include="C:\Users\zerwo\OneDrive\Desktop\ZH\zh-revival\GeneralsMD\Code\Libraries\Source\WWVegas\WWLib\vector.cpp">
      <Filter>Source Files</Filter>
    </ClCompile>
    <ClCompile Include="C:\Users\zerwo\OneDrive\Desktop\ZH\zh-revival\GeneralsMD\Code\Libraries\Source\WWVegas\WWLib\verchk.cpp">
      <Filter>Source Files</Filter>
    </ClCompile>
    <ClCompile Include="C:\Users\zerwo\OneDrive\Desktop\ZH\zh-revival\GeneralsMD\Code\Libraries\Source\WWVegas\WWLib\widestring.cpp">
      <Filter>Source Files</Filter>
    </ClCompile>
    <ClCompile Include="C:\Users\zerwo\OneDrive\Desktop\ZH\zh-revival\GeneralsMD\Code\Libraries\Source\WWVegas\WWLib\win.cpp">
      <Filter>Source Files</Filter>
    </ClCompile>
    <ClCompile Include="C:\Users\zerwo\OneDrive\Desktop\ZH\zh-revival\GeneralsMD\Code\Libraries\Source\WWVegas\WWLib\wwfile.cpp">
      <Filter>Source Files</Filter>
    </ClCompile>
    <ClCompile Include="C:\Users\zerwo\OneDrive\Desktop\ZH\zh-revival\GeneralsMD\Code\Libraries\Source\WWVegas\WWLib\wwfont.cpp">
      <Filter>Source Files</Filter>
    </ClCompile>
    <ClCompile Include="C:\Users\zerwo\OneDrive\Desktop\ZH\zh-revival\GeneralsMD\Code\Libraries\Source\WWVegas\WWLib\wwmouse.cpp">
      <Filter>Source Files</Filter>
    </ClCompile>
    <ClCompile Include="C:\Users\zerwo\OneDrive\Desktop\ZH\zh-revival\GeneralsMD\Code\Libraries\Source\WWVegas\WWLib\wwstring.cpp">
      <Filter>Source Files</Filter>
    </ClCompile>
    <ClCompile Include="C:\Users\zerwo\OneDrive\Desktop\ZH\zh-revival\GeneralsMD\Code\Libraries\Source\WWVegas\WWLib\xpipe.cpp">
      <Filter>Source Files</Filter>
    </ClCompile>
    <ClCompile Include="C:\Users\zerwo\OneDrive\Desktop\ZH\zh-revival\GeneralsMD\Code\Libraries\Source\WWVegas\WWLib\xstraw.cpp">
      <Filter>Source Files</Filter>
    </ClCompile>
    <ClCompile Include="C:\Users\zerwo\OneDrive\Desktop\ZH\zh-revival\GeneralsMD\Code\Libraries\Source\WWVegas\WWLib\xsurface.cpp">
      <Filter>Source Files</Filter>
    </ClCompile>
  </ItemGroup>
  <ItemGroup>
    <CustomBuild Include="C:\Users\zerwo\OneDrive\Desktop\ZH\zh-revival\CMakeLists.txt" />
  </ItemGroup>
  <ItemGroup>
    <Filter Include="Source Files">
      <UniqueIdentifier>{A5D7065D-9142-32EE-B47F-40C016C197FC}</UniqueIdentifier>
    </Filter>
  </ItemGroup>
</Project>
